<Solution>
  <Project Path="atividade89/atividade89.csproj" Id="c9d2adae-6050-4b21-9e33-090833d86d13" />
  <Project Path="atividade90/atividade90.csproj" Id="072e96ed-3fbe-4b1a-a619-11acdfc6278f" />
  <Project Path="atividade91/atividade91.csproj" Id="80722fcb-e7bb-4430-ad83-18aeda57ed30" />
  <Project Path="atividade92/atividade92.csproj" Id="decf5d3b-d008-4e68-ae5e-6f68b19f1c1e" />
  <Project Path="AtividadeFor/AtividadeFor.csproj" />
</Solution>
